
Microsoft Visual Studio Solution File, Format Version 12.00
# Visual Studio 15
VisualStudioVersion = 15.0.28307.168
MinimumVisualStudioVersion = 10.0.40219.1
Project("{8BC9CEB8-8B4A-11D0-8D11-00A0C91BC942}") = "tanulas147", "tanulas147\tanulas147.vcxproj", "{BB0BEEEC-BB09-4CA7-B66B-FA99DCC547C3}"
EndProject
Global
	GlobalSection(SolutionConfigurationPlatforms) = preSolution
		Debug|x64 = Debug|x64
		Debug|x86 = Debug|x86
		Release|x64 = Release|x64
		Release|x86 = Release|x86
	EndGlobalSection
	GlobalSection(ProjectConfigurationPlatforms) = postSolution
		{BB0BEEEC-BB09-4CA7-B66B-FA99DCC547C3}.Debug|x64.ActiveCfg = Debug|x64
		{BB0BEEEC-BB09-4CA7-B66B-FA99DCC547C3}.Debug|x64.Build.0 = Debug|x64
		{BB0BEEEC-BB09-4CA7-B66B-FA99DCC547C3}.Debug|x86.ActiveCfg = Debug|Win32
		{BB0BEEEC-BB09-4CA7-B66B-FA99DCC547C3}.Debug|x86.Build.0 = Debug|Win32
		{BB0BEEEC-BB09-4CA7-B66B-FA99DCC547C3}.Release|x64.ActiveCfg = Release|x64
		{BB0BEEEC-BB09-4CA7-B66B-FA99DCC547C3}.Release|x64.Build.0 = Release|x64
		{BB0BEEEC-BB09-4CA7-B66B-FA99DCC547C3}.Release|x86.ActiveCfg = Release|Win32
		{BB0BEEEC-BB09-4CA7-B66B-FA99DCC547C3}.Release|x86.Build.0 = Release|Win32
	EndGlobalSection
	GlobalSection(SolutionProperties) = preSolution
		HideSolutionNode = FALSE
	EndGlobalSection
	GlobalSection(ExtensibilityGlobals) = postSolution
		SolutionGuid = {FDC0148E-FDD9-42A2-9CBC-731074DA8EA4}
	EndGlobalSection
EndGlobal
