
Microsoft Visual Studio Solution File, Format Version 12.00
# Visual Studio 15
VisualStudioVersion = 15.0.27703.2047
MinimumVisualStudioVersion = 10.0.40219.1
Project("{8BC9CEB8-8B4A-11D0-8D11-00A0C91BC942}") = "tanulas104", "tanulas104\tanulas104.vcxproj", "{B02B063F-36BB-4EB6-89B8-364FA700F993}"
EndProject
Global
	GlobalSection(SolutionConfigurationPlatforms) = preSolution
		Debug|x64 = Debug|x64
		Debug|x86 = Debug|x86
		Release|x64 = Release|x64
		Release|x86 = Release|x86
	EndGlobalSection
	GlobalSection(ProjectConfigurationPlatforms) = postSolution
		{B02B063F-36BB-4EB6-89B8-364FA700F993}.Debug|x64.ActiveCfg = Debug|x64
		{B02B063F-36BB-4EB6-89B8-364FA700F993}.Debug|x64.Build.0 = Debug|x64
		{B02B063F-36BB-4EB6-89B8-364FA700F993}.Debug|x86.ActiveCfg = Debug|Win32
		{B02B063F-36BB-4EB6-89B8-364FA700F993}.Debug|x86.Build.0 = Debug|Win32
		{B02B063F-36BB-4EB6-89B8-364FA700F993}.Release|x64.ActiveCfg = Release|x64
		{B02B063F-36BB-4EB6-89B8-364FA700F993}.Release|x64.Build.0 = Release|x64
		{B02B063F-36BB-4EB6-89B8-364FA700F993}.Release|x86.ActiveCfg = Release|Win32
		{B02B063F-36BB-4EB6-89B8-364FA700F993}.Release|x86.Build.0 = Release|Win32
	EndGlobalSection
	GlobalSection(SolutionProperties) = preSolution
		HideSolutionNode = FALSE
	EndGlobalSection
	GlobalSection(ExtensibilityGlobals) = postSolution
		SolutionGuid = {F783706F-1F21-47BB-9BA4-4E47990E0796}
	EndGlobalSection
EndGlobal
