
Microsoft Visual Studio Solution File, Format Version 12.00
# Visual Studio Version 16
VisualStudioVersion = 16.0.29102.190
MinimumVisualStudioVersion = 10.0.40219.1
Project("{8BC9CEB8-8B4A-11D0-8D11-00A0C91BC942}") = "reverseString", "reverseString.vcxproj", "{9FB8CDA2-857E-44F2-9169-B293025638EF}"
EndProject
Global
	GlobalSection(SolutionConfigurationPlatforms) = preSolution
		Debug|x64 = Debug|x64
		Debug|x86 = Debug|x86
		Release|x64 = Release|x64
		Release|x86 = Release|x86
	EndGlobalSection
	GlobalSection(ProjectConfigurationPlatforms) = postSolution
		{9FB8CDA2-857E-44F2-9169-B293025638EF}.Debug|x64.ActiveCfg = Debug|x64
		{9FB8CDA2-857E-44F2-9169-B293025638EF}.Debug|x64.Build.0 = Debug|x64
		{9FB8CDA2-857E-44F2-9169-B293025638EF}.Debug|x86.ActiveCfg = Debug|Win32
		{9FB8CDA2-857E-44F2-9169-B293025638EF}.Debug|x86.Build.0 = Debug|Win32
		{9FB8CDA2-857E-44F2-9169-B293025638EF}.Release|x64.ActiveCfg = Release|x64
		{9FB8CDA2-857E-44F2-9169-B293025638EF}.Release|x64.Build.0 = Release|x64
		{9FB8CDA2-857E-44F2-9169-B293025638EF}.Release|x86.ActiveCfg = Release|Win32
		{9FB8CDA2-857E-44F2-9169-B293025638EF}.Release|x86.Build.0 = Release|Win32
	EndGlobalSection
	GlobalSection(SolutionProperties) = preSolution
		HideSolutionNode = FALSE
	EndGlobalSection
	GlobalSection(ExtensibilityGlobals) = postSolution
		SolutionGuid = {B1E8DB2F-6D3B-438A-982B-2672E52F383F}
	EndGlobalSection
EndGlobal
