
Microsoft Visual Studio Solution File, Format Version 12.00
# Visual Studio 15
VisualStudioVersion = 15.0.27703.2000
MinimumVisualStudioVersion = 10.0.40219.1
Project("{8BC9CEB8-8B4A-11D0-8D11-00A0C91BC942}") = "tanulas614", "tanulas614\tanulas614.vcxproj", "{22419BD5-D84D-4EB3-81B5-A4DFCA55053E}"
EndProject
Global
	GlobalSection(SolutionConfigurationPlatforms) = preSolution
		Debug|x64 = Debug|x64
		Debug|x86 = Debug|x86
		Release|x64 = Release|x64
		Release|x86 = Release|x86
	EndGlobalSection
	GlobalSection(ProjectConfigurationPlatforms) = postSolution
		{22419BD5-D84D-4EB3-81B5-A4DFCA55053E}.Debug|x64.ActiveCfg = Debug|x64
		{22419BD5-D84D-4EB3-81B5-A4DFCA55053E}.Debug|x64.Build.0 = Debug|x64
		{22419BD5-D84D-4EB3-81B5-A4DFCA55053E}.Debug|x86.ActiveCfg = Debug|Win32
		{22419BD5-D84D-4EB3-81B5-A4DFCA55053E}.Debug|x86.Build.0 = Debug|Win32
		{22419BD5-D84D-4EB3-81B5-A4DFCA55053E}.Release|x64.ActiveCfg = Release|x64
		{22419BD5-D84D-4EB3-81B5-A4DFCA55053E}.Release|x64.Build.0 = Release|x64
		{22419BD5-D84D-4EB3-81B5-A4DFCA55053E}.Release|x86.ActiveCfg = Release|Win32
		{22419BD5-D84D-4EB3-81B5-A4DFCA55053E}.Release|x86.Build.0 = Release|Win32
	EndGlobalSection
	GlobalSection(SolutionProperties) = preSolution
		HideSolutionNode = FALSE
	EndGlobalSection
	GlobalSection(ExtensibilityGlobals) = postSolution
		SolutionGuid = {56DF1722-4B08-40D1-AE99-1E82CF25C65D}
	EndGlobalSection
EndGlobal
