
Microsoft Visual Studio Solution File, Format Version 12.00
# Visual Studio 15
VisualStudioVersion = 15.0.27703.2035
MinimumVisualStudioVersion = 10.0.40219.1
Project("{8BC9CEB8-8B4A-11D0-8D11-00A0C91BC942}") = "tanulas816", "tanulas816\tanulas816.vcxproj", "{A8774BB8-B78C-4676-A1DF-79188B4249D8}"
EndProject
Global
	GlobalSection(SolutionConfigurationPlatforms) = preSolution
		Debug|x64 = Debug|x64
		Debug|x86 = Debug|x86
		Release|x64 = Release|x64
		Release|x86 = Release|x86
	EndGlobalSection
	GlobalSection(ProjectConfigurationPlatforms) = postSolution
		{A8774BB8-B78C-4676-A1DF-79188B4249D8}.Debug|x64.ActiveCfg = Debug|x64
		{A8774BB8-B78C-4676-A1DF-79188B4249D8}.Debug|x64.Build.0 = Debug|x64
		{A8774BB8-B78C-4676-A1DF-79188B4249D8}.Debug|x86.ActiveCfg = Debug|Win32
		{A8774BB8-B78C-4676-A1DF-79188B4249D8}.Debug|x86.Build.0 = Debug|Win32
		{A8774BB8-B78C-4676-A1DF-79188B4249D8}.Release|x64.ActiveCfg = Release|x64
		{A8774BB8-B78C-4676-A1DF-79188B4249D8}.Release|x64.Build.0 = Release|x64
		{A8774BB8-B78C-4676-A1DF-79188B4249D8}.Release|x86.ActiveCfg = Release|Win32
		{A8774BB8-B78C-4676-A1DF-79188B4249D8}.Release|x86.Build.0 = Release|Win32
	EndGlobalSection
	GlobalSection(SolutionProperties) = preSolution
		HideSolutionNode = FALSE
	EndGlobalSection
	GlobalSection(ExtensibilityGlobals) = postSolution
		SolutionGuid = {7212D7F3-8849-4CFF-8CF8-94F49021324D}
	EndGlobalSection
EndGlobal
