
Microsoft Visual Studio Solution File, Format Version 12.00
# Visual Studio 15
VisualStudioVersion = 15.0.27703.2026
MinimumVisualStudioVersion = 10.0.40219.1
Project("{8BC9CEB8-8B4A-11D0-8D11-00A0C91BC942}") = "tanulas711", "tanulas711\tanulas711.vcxproj", "{2CF8CE22-D6F7-4442-BC63-7A9F0C559DF9}"
EndProject
Global
	GlobalSection(SolutionConfigurationPlatforms) = preSolution
		Debug|x64 = Debug|x64
		Debug|x86 = Debug|x86
		Release|x64 = Release|x64
		Release|x86 = Release|x86
	EndGlobalSection
	GlobalSection(ProjectConfigurationPlatforms) = postSolution
		{2CF8CE22-D6F7-4442-BC63-7A9F0C559DF9}.Debug|x64.ActiveCfg = Debug|x64
		{2CF8CE22-D6F7-4442-BC63-7A9F0C559DF9}.Debug|x64.Build.0 = Debug|x64
		{2CF8CE22-D6F7-4442-BC63-7A9F0C559DF9}.Debug|x86.ActiveCfg = Debug|Win32
		{2CF8CE22-D6F7-4442-BC63-7A9F0C559DF9}.Debug|x86.Build.0 = Debug|Win32
		{2CF8CE22-D6F7-4442-BC63-7A9F0C559DF9}.Release|x64.ActiveCfg = Release|x64
		{2CF8CE22-D6F7-4442-BC63-7A9F0C559DF9}.Release|x64.Build.0 = Release|x64
		{2CF8CE22-D6F7-4442-BC63-7A9F0C559DF9}.Release|x86.ActiveCfg = Release|Win32
		{2CF8CE22-D6F7-4442-BC63-7A9F0C559DF9}.Release|x86.Build.0 = Release|Win32
	EndGlobalSection
	GlobalSection(SolutionProperties) = preSolution
		HideSolutionNode = FALSE
	EndGlobalSection
	GlobalSection(ExtensibilityGlobals) = postSolution
		SolutionGuid = {3067A511-1950-43DA-BB27-9ADCA604C392}
	EndGlobalSection
EndGlobal
