
Microsoft Visual Studio Solution File, Format Version 12.00
# Visual Studio 15
VisualStudioVersion = 15.0.27703.2042
MinimumVisualStudioVersion = 10.0.40219.1
Project("{8BC9CEB8-8B4A-11D0-8D11-00A0C91BC942}") = "tanulas99", "tanulas99\tanulas99.vcxproj", "{8EF98AFC-C705-4B62-A335-A12DEDA57591}"
EndProject
Global
	GlobalSection(SolutionConfigurationPlatforms) = preSolution
		Debug|x64 = Debug|x64
		Debug|x86 = Debug|x86
		Release|x64 = Release|x64
		Release|x86 = Release|x86
	EndGlobalSection
	GlobalSection(ProjectConfigurationPlatforms) = postSolution
		{8EF98AFC-C705-4B62-A335-A12DEDA57591}.Debug|x64.ActiveCfg = Debug|x64
		{8EF98AFC-C705-4B62-A335-A12DEDA57591}.Debug|x64.Build.0 = Debug|x64
		{8EF98AFC-C705-4B62-A335-A12DEDA57591}.Debug|x86.ActiveCfg = Debug|Win32
		{8EF98AFC-C705-4B62-A335-A12DEDA57591}.Debug|x86.Build.0 = Debug|Win32
		{8EF98AFC-C705-4B62-A335-A12DEDA57591}.Release|x64.ActiveCfg = Release|x64
		{8EF98AFC-C705-4B62-A335-A12DEDA57591}.Release|x64.Build.0 = Release|x64
		{8EF98AFC-C705-4B62-A335-A12DEDA57591}.Release|x86.ActiveCfg = Release|Win32
		{8EF98AFC-C705-4B62-A335-A12DEDA57591}.Release|x86.Build.0 = Release|Win32
	EndGlobalSection
	GlobalSection(SolutionProperties) = preSolution
		HideSolutionNode = FALSE
	EndGlobalSection
	GlobalSection(ExtensibilityGlobals) = postSolution
		SolutionGuid = {70D5D4E1-5BA8-4C7A-9060-575FC658A0E4}
	EndGlobalSection
EndGlobal
