
Microsoft Visual Studio Solution File, Format Version 12.00
# Visual Studio 15
VisualStudioVersion = 15.0.27703.2035
MinimumVisualStudioVersion = 10.0.40219.1
Project("{8BC9CEB8-8B4A-11D0-8D11-00A0C91BC942}") = "tanulas815", "tanulas815\tanulas815.vcxproj", "{98420A5D-695A-4131-90FF-1C4E7F1D611D}"
EndProject
Global
	GlobalSection(SolutionConfigurationPlatforms) = preSolution
		Debug|x64 = Debug|x64
		Debug|x86 = Debug|x86
		Release|x64 = Release|x64
		Release|x86 = Release|x86
	EndGlobalSection
	GlobalSection(ProjectConfigurationPlatforms) = postSolution
		{98420A5D-695A-4131-90FF-1C4E7F1D611D}.Debug|x64.ActiveCfg = Debug|x64
		{98420A5D-695A-4131-90FF-1C4E7F1D611D}.Debug|x64.Build.0 = Debug|x64
		{98420A5D-695A-4131-90FF-1C4E7F1D611D}.Debug|x86.ActiveCfg = Debug|Win32
		{98420A5D-695A-4131-90FF-1C4E7F1D611D}.Debug|x86.Build.0 = Debug|Win32
		{98420A5D-695A-4131-90FF-1C4E7F1D611D}.Release|x64.ActiveCfg = Release|x64
		{98420A5D-695A-4131-90FF-1C4E7F1D611D}.Release|x64.Build.0 = Release|x64
		{98420A5D-695A-4131-90FF-1C4E7F1D611D}.Release|x86.ActiveCfg = Release|Win32
		{98420A5D-695A-4131-90FF-1C4E7F1D611D}.Release|x86.Build.0 = Release|Win32
	EndGlobalSection
	GlobalSection(SolutionProperties) = preSolution
		HideSolutionNode = FALSE
	EndGlobalSection
	GlobalSection(ExtensibilityGlobals) = postSolution
		SolutionGuid = {1BC98157-D73E-49C6-8214-9A5C622B768A}
	EndGlobalSection
EndGlobal
