
Microsoft Visual Studio Solution File, Format Version 12.00
# Visual Studio 15
VisualStudioVersion = 15.0.28307.168
MinimumVisualStudioVersion = 10.0.40219.1
Project("{8BC9CEB8-8B4A-11D0-8D11-00A0C91BC942}") = "tanulasujraquiz131415", "tanulasujraquiz131415\tanulasujraquiz131415.vcxproj", "{FEE4FB49-1D4F-4EF7-8A35-EDD387DB61F6}"
EndProject
Global
	GlobalSection(SolutionConfigurationPlatforms) = preSolution
		Debug|x64 = Debug|x64
		Debug|x86 = Debug|x86
		Release|x64 = Release|x64
		Release|x86 = Release|x86
	EndGlobalSection
	GlobalSection(ProjectConfigurationPlatforms) = postSolution
		{FEE4FB49-1D4F-4EF7-8A35-EDD387DB61F6}.Debug|x64.ActiveCfg = Debug|x64
		{FEE4FB49-1D4F-4EF7-8A35-EDD387DB61F6}.Debug|x64.Build.0 = Debug|x64
		{FEE4FB49-1D4F-4EF7-8A35-EDD387DB61F6}.Debug|x86.ActiveCfg = Debug|Win32
		{FEE4FB49-1D4F-4EF7-8A35-EDD387DB61F6}.Debug|x86.Build.0 = Debug|Win32
		{FEE4FB49-1D4F-4EF7-8A35-EDD387DB61F6}.Release|x64.ActiveCfg = Release|x64
		{FEE4FB49-1D4F-4EF7-8A35-EDD387DB61F6}.Release|x64.Build.0 = Release|x64
		{FEE4FB49-1D4F-4EF7-8A35-EDD387DB61F6}.Release|x86.ActiveCfg = Release|Win32
		{FEE4FB49-1D4F-4EF7-8A35-EDD387DB61F6}.Release|x86.Build.0 = Release|Win32
	EndGlobalSection
	GlobalSection(SolutionProperties) = preSolution
		HideSolutionNode = FALSE
	EndGlobalSection
	GlobalSection(ExtensibilityGlobals) = postSolution
		SolutionGuid = {4DA6DFC9-0AD9-4B4E-8BCE-90FC34D4F3B5}
	EndGlobalSection
EndGlobal
