
Microsoft Visual Studio Solution File, Format Version 12.00
# Visual Studio Version 16
VisualStudioVersion = 16.0.29613.14
MinimumVisualStudioVersion = 10.0.40219.1
Project("{8BC9CEB8-8B4A-11D0-8D11-00A0C91BC942}") = "standardDeviation", "standardDeviation.vcxproj", "{8751B2BD-4E92-4D0A-9219-0B7BEDB8A662}"
EndProject
Global
	GlobalSection(SolutionConfigurationPlatforms) = preSolution
		Debug|x64 = Debug|x64
		Debug|x86 = Debug|x86
		Release|x64 = Release|x64
		Release|x86 = Release|x86
	EndGlobalSection
	GlobalSection(ProjectConfigurationPlatforms) = postSolution
		{8751B2BD-4E92-4D0A-9219-0B7BEDB8A662}.Debug|x64.ActiveCfg = Debug|x64
		{8751B2BD-4E92-4D0A-9219-0B7BEDB8A662}.Debug|x64.Build.0 = Debug|x64
		{8751B2BD-4E92-4D0A-9219-0B7BEDB8A662}.Debug|x86.ActiveCfg = Debug|Win32
		{8751B2BD-4E92-4D0A-9219-0B7BEDB8A662}.Debug|x86.Build.0 = Debug|Win32
		{8751B2BD-4E92-4D0A-9219-0B7BEDB8A662}.Release|x64.ActiveCfg = Release|x64
		{8751B2BD-4E92-4D0A-9219-0B7BEDB8A662}.Release|x64.Build.0 = Release|x64
		{8751B2BD-4E92-4D0A-9219-0B7BEDB8A662}.Release|x86.ActiveCfg = Release|Win32
		{8751B2BD-4E92-4D0A-9219-0B7BEDB8A662}.Release|x86.Build.0 = Release|Win32
	EndGlobalSection
	GlobalSection(SolutionProperties) = preSolution
		HideSolutionNode = FALSE
	EndGlobalSection
	GlobalSection(ExtensibilityGlobals) = postSolution
		SolutionGuid = {FB4EA8D9-3A48-4E3E-B5F3-2A7AABDC14AE}
	EndGlobalSection
EndGlobal
