
Microsoft Visual Studio Solution File, Format Version 12.00
# Visual Studio 15
VisualStudioVersion = 15.0.27703.2000
MinimumVisualStudioVersion = 10.0.40219.1
Project("{8BC9CEB8-8B4A-11D0-8D11-00A0C91BC942}") = "tanulas612a", "tanulas612a\tanulas612a.vcxproj", "{CBF456B0-BAFE-452E-B0E7-4080C3103B08}"
EndProject
Global
	GlobalSection(SolutionConfigurationPlatforms) = preSolution
		Debug|x64 = Debug|x64
		Debug|x86 = Debug|x86
		Release|x64 = Release|x64
		Release|x86 = Release|x86
	EndGlobalSection
	GlobalSection(ProjectConfigurationPlatforms) = postSolution
		{CBF456B0-BAFE-452E-B0E7-4080C3103B08}.Debug|x64.ActiveCfg = Debug|x64
		{CBF456B0-BAFE-452E-B0E7-4080C3103B08}.Debug|x64.Build.0 = Debug|x64
		{CBF456B0-BAFE-452E-B0E7-4080C3103B08}.Debug|x86.ActiveCfg = Debug|Win32
		{CBF456B0-BAFE-452E-B0E7-4080C3103B08}.Debug|x86.Build.0 = Debug|Win32
		{CBF456B0-BAFE-452E-B0E7-4080C3103B08}.Release|x64.ActiveCfg = Release|x64
		{CBF456B0-BAFE-452E-B0E7-4080C3103B08}.Release|x64.Build.0 = Release|x64
		{CBF456B0-BAFE-452E-B0E7-4080C3103B08}.Release|x86.ActiveCfg = Release|Win32
		{CBF456B0-BAFE-452E-B0E7-4080C3103B08}.Release|x86.Build.0 = Release|Win32
	EndGlobalSection
	GlobalSection(SolutionProperties) = preSolution
		HideSolutionNode = FALSE
	EndGlobalSection
	GlobalSection(ExtensibilityGlobals) = postSolution
		SolutionGuid = {1241294F-4BA7-46F5-8A53-CE171F9F5C27}
	EndGlobalSection
EndGlobal
