
Microsoft Visual Studio Solution File, Format Version 12.00
# Visual Studio 15
VisualStudioVersion = 15.0.28010.2026
MinimumVisualStudioVersion = 10.0.40219.1
Project("{8BC9CEB8-8B4A-11D0-8D11-00A0C91BC942}") = "tanulasquiz11", "tanulasquiz11\tanulasquiz11.vcxproj", "{2EFF0E19-470A-48E5-939F-93B2D46F3567}"
EndProject
Global
	GlobalSection(SolutionConfigurationPlatforms) = preSolution
		Debug|x64 = Debug|x64
		Debug|x86 = Debug|x86
		Release|x64 = Release|x64
		Release|x86 = Release|x86
	EndGlobalSection
	GlobalSection(ProjectConfigurationPlatforms) = postSolution
		{2EFF0E19-470A-48E5-939F-93B2D46F3567}.Debug|x64.ActiveCfg = Debug|x64
		{2EFF0E19-470A-48E5-939F-93B2D46F3567}.Debug|x64.Build.0 = Debug|x64
		{2EFF0E19-470A-48E5-939F-93B2D46F3567}.Debug|x86.ActiveCfg = Debug|Win32
		{2EFF0E19-470A-48E5-939F-93B2D46F3567}.Debug|x86.Build.0 = Debug|Win32
		{2EFF0E19-470A-48E5-939F-93B2D46F3567}.Release|x64.ActiveCfg = Release|x64
		{2EFF0E19-470A-48E5-939F-93B2D46F3567}.Release|x64.Build.0 = Release|x64
		{2EFF0E19-470A-48E5-939F-93B2D46F3567}.Release|x86.ActiveCfg = Release|Win32
		{2EFF0E19-470A-48E5-939F-93B2D46F3567}.Release|x86.Build.0 = Release|Win32
	EndGlobalSection
	GlobalSection(SolutionProperties) = preSolution
		HideSolutionNode = FALSE
	EndGlobalSection
	GlobalSection(ExtensibilityGlobals) = postSolution
		SolutionGuid = {C0BD6155-F5BD-40FE-94DB-B3A1CDD82211}
	EndGlobalSection
EndGlobal
