
Microsoft Visual Studio Solution File, Format Version 12.00
# Visual Studio 15
VisualStudioVersion = 15.0.27428.2015
MinimumVisualStudioVersion = 10.0.40219.1
Project("{8BC9CEB8-8B4A-11D0-8D11-00A0C91BC942}") = "ujratanulas43aOSSZEFOGLALOSCOPEDURATIONLINKAGE", "ujratanulas43aOSSZEFOGLALOSCOPEDURATIONLINKAGE\ujratanulas43aOSSZEFOGLALOSCOPEDURATIONLINKAGE.vcxproj", "{8A0E63B7-19AD-41E3-8432-2E94D7B87334}"
EndProject
Global
	GlobalSection(SolutionConfigurationPlatforms) = preSolution
		Debug|x64 = Debug|x64
		Debug|x86 = Debug|x86
		Release|x64 = Release|x64
		Release|x86 = Release|x86
	EndGlobalSection
	GlobalSection(ProjectConfigurationPlatforms) = postSolution
		{8A0E63B7-19AD-41E3-8432-2E94D7B87334}.Debug|x64.ActiveCfg = Debug|x64
		{8A0E63B7-19AD-41E3-8432-2E94D7B87334}.Debug|x64.Build.0 = Debug|x64
		{8A0E63B7-19AD-41E3-8432-2E94D7B87334}.Debug|x86.ActiveCfg = Debug|Win32
		{8A0E63B7-19AD-41E3-8432-2E94D7B87334}.Debug|x86.Build.0 = Debug|Win32
		{8A0E63B7-19AD-41E3-8432-2E94D7B87334}.Release|x64.ActiveCfg = Release|x64
		{8A0E63B7-19AD-41E3-8432-2E94D7B87334}.Release|x64.Build.0 = Release|x64
		{8A0E63B7-19AD-41E3-8432-2E94D7B87334}.Release|x86.ActiveCfg = Release|Win32
		{8A0E63B7-19AD-41E3-8432-2E94D7B87334}.Release|x86.Build.0 = Release|Win32
	EndGlobalSection
	GlobalSection(SolutionProperties) = preSolution
		HideSolutionNode = FALSE
	EndGlobalSection
	GlobalSection(ExtensibilityGlobals) = postSolution
		SolutionGuid = {4DB98204-DE05-470A-9342-7E1BECB8FCB6}
	EndGlobalSection
EndGlobal
