
Microsoft Visual Studio Solution File, Format Version 12.00
# Visual Studio 15
VisualStudioVersion = 15.0.27703.2026
MinimumVisualStudioVersion = 10.0.40219.1
Project("{8BC9CEB8-8B4A-11D0-8D11-00A0C91BC942}") = "tanulas82", "tanulas82\tanulas82.vcxproj", "{1B2C6222-3766-493B-8BDA-3D16B24D7F24}"
EndProject
Global
	GlobalSection(SolutionConfigurationPlatforms) = preSolution
		Debug|x64 = Debug|x64
		Debug|x86 = Debug|x86
		Release|x64 = Release|x64
		Release|x86 = Release|x86
	EndGlobalSection
	GlobalSection(ProjectConfigurationPlatforms) = postSolution
		{1B2C6222-3766-493B-8BDA-3D16B24D7F24}.Debug|x64.ActiveCfg = Debug|x64
		{1B2C6222-3766-493B-8BDA-3D16B24D7F24}.Debug|x64.Build.0 = Debug|x64
		{1B2C6222-3766-493B-8BDA-3D16B24D7F24}.Debug|x86.ActiveCfg = Debug|Win32
		{1B2C6222-3766-493B-8BDA-3D16B24D7F24}.Debug|x86.Build.0 = Debug|Win32
		{1B2C6222-3766-493B-8BDA-3D16B24D7F24}.Release|x64.ActiveCfg = Release|x64
		{1B2C6222-3766-493B-8BDA-3D16B24D7F24}.Release|x64.Build.0 = Release|x64
		{1B2C6222-3766-493B-8BDA-3D16B24D7F24}.Release|x86.ActiveCfg = Release|Win32
		{1B2C6222-3766-493B-8BDA-3D16B24D7F24}.Release|x86.Build.0 = Release|Win32
	EndGlobalSection
	GlobalSection(SolutionProperties) = preSolution
		HideSolutionNode = FALSE
	EndGlobalSection
	GlobalSection(ExtensibilityGlobals) = postSolution
		SolutionGuid = {C38F0C49-6340-4686-9413-0E5715D50FF3}
	EndGlobalSection
EndGlobal
