
Microsoft Visual Studio Solution File, Format Version 12.00
# Visual Studio 15
VisualStudioVersion = 15.0.27703.2042
MinimumVisualStudioVersion = 10.0.40219.1
Project("{8BC9CEB8-8B4A-11D0-8D11-00A0C91BC942}") = "tanulas914", "tanulas914\tanulas914.vcxproj", "{F203C75D-C15F-4029-A00A-B45F411F7B79}"
EndProject
Global
	GlobalSection(SolutionConfigurationPlatforms) = preSolution
		Debug|x64 = Debug|x64
		Debug|x86 = Debug|x86
		Release|x64 = Release|x64
		Release|x86 = Release|x86
	EndGlobalSection
	GlobalSection(ProjectConfigurationPlatforms) = postSolution
		{F203C75D-C15F-4029-A00A-B45F411F7B79}.Debug|x64.ActiveCfg = Debug|x64
		{F203C75D-C15F-4029-A00A-B45F411F7B79}.Debug|x64.Build.0 = Debug|x64
		{F203C75D-C15F-4029-A00A-B45F411F7B79}.Debug|x86.ActiveCfg = Debug|Win32
		{F203C75D-C15F-4029-A00A-B45F411F7B79}.Debug|x86.Build.0 = Debug|Win32
		{F203C75D-C15F-4029-A00A-B45F411F7B79}.Release|x64.ActiveCfg = Release|x64
		{F203C75D-C15F-4029-A00A-B45F411F7B79}.Release|x64.Build.0 = Release|x64
		{F203C75D-C15F-4029-A00A-B45F411F7B79}.Release|x86.ActiveCfg = Release|Win32
		{F203C75D-C15F-4029-A00A-B45F411F7B79}.Release|x86.Build.0 = Release|Win32
	EndGlobalSection
	GlobalSection(SolutionProperties) = preSolution
		HideSolutionNode = FALSE
	EndGlobalSection
	GlobalSection(ExtensibilityGlobals) = postSolution
		SolutionGuid = {4261748C-16EF-4542-BE15-66A94B486444}
	EndGlobalSection
EndGlobal
