
Microsoft Visual Studio Solution File, Format Version 12.00
# Visual Studio 15
VisualStudioVersion = 15.0.27703.2035
MinimumVisualStudioVersion = 10.0.40219.1
Project("{8BC9CEB8-8B4A-11D0-8D11-00A0C91BC942}") = "tanulas91", "tanulas91\tanulas91.vcxproj", "{35FAB5C3-0C72-4EED-91C0-B7EE64DDD6C0}"
EndProject
Global
	GlobalSection(SolutionConfigurationPlatforms) = preSolution
		Debug|x64 = Debug|x64
		Debug|x86 = Debug|x86
		Release|x64 = Release|x64
		Release|x86 = Release|x86
	EndGlobalSection
	GlobalSection(ProjectConfigurationPlatforms) = postSolution
		{35FAB5C3-0C72-4EED-91C0-B7EE64DDD6C0}.Debug|x64.ActiveCfg = Debug|x64
		{35FAB5C3-0C72-4EED-91C0-B7EE64DDD6C0}.Debug|x64.Build.0 = Debug|x64
		{35FAB5C3-0C72-4EED-91C0-B7EE64DDD6C0}.Debug|x86.ActiveCfg = Debug|Win32
		{35FAB5C3-0C72-4EED-91C0-B7EE64DDD6C0}.Debug|x86.Build.0 = Debug|Win32
		{35FAB5C3-0C72-4EED-91C0-B7EE64DDD6C0}.Release|x64.ActiveCfg = Release|x64
		{35FAB5C3-0C72-4EED-91C0-B7EE64DDD6C0}.Release|x64.Build.0 = Release|x64
		{35FAB5C3-0C72-4EED-91C0-B7EE64DDD6C0}.Release|x86.ActiveCfg = Release|Win32
		{35FAB5C3-0C72-4EED-91C0-B7EE64DDD6C0}.Release|x86.Build.0 = Release|Win32
	EndGlobalSection
	GlobalSection(SolutionProperties) = preSolution
		HideSolutionNode = FALSE
	EndGlobalSection
	GlobalSection(ExtensibilityGlobals) = postSolution
		SolutionGuid = {1325D246-8822-410A-8A2D-F4C35DCF4F14}
	EndGlobalSection
EndGlobal
