
Microsoft Visual Studio Solution File, Format Version 12.00
# Visual Studio Version 16
VisualStudioVersion = 16.0.29306.81
MinimumVisualStudioVersion = 10.0.40219.1
Project("{8BC9CEB8-8B4A-11D0-8D11-00A0C91BC942}") = "hashTable", "hashTable.vcxproj", "{99246C1B-33F9-4517-A3B0-66C64BCB4D79}"
EndProject
Global
	GlobalSection(SolutionConfigurationPlatforms) = preSolution
		Debug|x64 = Debug|x64
		Debug|x86 = Debug|x86
		Release|x64 = Release|x64
		Release|x86 = Release|x86
	EndGlobalSection
	GlobalSection(ProjectConfigurationPlatforms) = postSolution
		{99246C1B-33F9-4517-A3B0-66C64BCB4D79}.Debug|x64.ActiveCfg = Debug|x64
		{99246C1B-33F9-4517-A3B0-66C64BCB4D79}.Debug|x64.Build.0 = Debug|x64
		{99246C1B-33F9-4517-A3B0-66C64BCB4D79}.Debug|x86.ActiveCfg = Debug|Win32
		{99246C1B-33F9-4517-A3B0-66C64BCB4D79}.Debug|x86.Build.0 = Debug|Win32
		{99246C1B-33F9-4517-A3B0-66C64BCB4D79}.Release|x64.ActiveCfg = Release|x64
		{99246C1B-33F9-4517-A3B0-66C64BCB4D79}.Release|x64.Build.0 = Release|x64
		{99246C1B-33F9-4517-A3B0-66C64BCB4D79}.Release|x86.ActiveCfg = Release|Win32
		{99246C1B-33F9-4517-A3B0-66C64BCB4D79}.Release|x86.Build.0 = Release|Win32
	EndGlobalSection
	GlobalSection(SolutionProperties) = preSolution
		HideSolutionNode = FALSE
	EndGlobalSection
	GlobalSection(ExtensibilityGlobals) = postSolution
		SolutionGuid = {E2CE4F67-FA25-4559-B77D-7DDBB3B33200}
	EndGlobalSection
EndGlobal
