
Microsoft Visual Studio Solution File, Format Version 12.00
# Visual Studio 15
VisualStudioVersion = 15.0.28307.168
MinimumVisualStudioVersion = 10.0.40219.1
Project("{8BC9CEB8-8B4A-11D0-8D11-00A0C91BC942}") = "tanulas152", "tanulas152\tanulas152.vcxproj", "{D3689573-4AA3-4E98-8F98-2BE5D41CD046}"
EndProject
Global
	GlobalSection(SolutionConfigurationPlatforms) = preSolution
		Debug|x64 = Debug|x64
		Debug|x86 = Debug|x86
		Release|x64 = Release|x64
		Release|x86 = Release|x86
	EndGlobalSection
	GlobalSection(ProjectConfigurationPlatforms) = postSolution
		{D3689573-4AA3-4E98-8F98-2BE5D41CD046}.Debug|x64.ActiveCfg = Debug|x64
		{D3689573-4AA3-4E98-8F98-2BE5D41CD046}.Debug|x64.Build.0 = Debug|x64
		{D3689573-4AA3-4E98-8F98-2BE5D41CD046}.Debug|x86.ActiveCfg = Debug|Win32
		{D3689573-4AA3-4E98-8F98-2BE5D41CD046}.Debug|x86.Build.0 = Debug|Win32
		{D3689573-4AA3-4E98-8F98-2BE5D41CD046}.Release|x64.ActiveCfg = Release|x64
		{D3689573-4AA3-4E98-8F98-2BE5D41CD046}.Release|x64.Build.0 = Release|x64
		{D3689573-4AA3-4E98-8F98-2BE5D41CD046}.Release|x86.ActiveCfg = Release|Win32
		{D3689573-4AA3-4E98-8F98-2BE5D41CD046}.Release|x86.Build.0 = Release|Win32
	EndGlobalSection
	GlobalSection(SolutionProperties) = preSolution
		HideSolutionNode = FALSE
	EndGlobalSection
	GlobalSection(ExtensibilityGlobals) = postSolution
		SolutionGuid = {B5C5A481-D437-4C08-9EEA-4248CB3DF26F}
	EndGlobalSection
EndGlobal
